
Microsoft Visual Studio Solution File, Format Version 12.00
# Visual Studio Version 16
VisualStudioVersion = 16.0.31410.357
MinimumVisualStudioVersion = 10.0.40219.1
Project("{FAE04EC0-301F-11D3-BF4B-00C04F79EFBC}") = "ConsoleApp", "ConsoleApp\ConsoleApp.csproj", "{079A248C-3DF0-42B2-AA78-D19121793E3C}"
EndProject
Project("{FAE04EC0-301F-11D3-BF4B-00C04F79EFBC}") = "UnitTestProject", "UnitTestProject\UnitTestProject.csproj", "{C66A4F8C-FE7E-4D2F-9AEC-8EE41BCA9AF9}"
EndProject
Global
	GlobalSection(SolutionConfigurationPlatforms) = preSolution
		Debug|Any CPU = Debug|Any CPU
		Release|Any CPU = Release|Any CPU
	EndGlobalSection
	GlobalSection(ProjectConfigurationPlatforms) = postSolution
		{079A248C-3DF0-42B2-AA78-D19121793E3C}.Debug|Any CPU.ActiveCfg = Debug|Any CPU
		{079A248C-3DF0-42B2-AA78-D19121793E3C}.Debug|Any CPU.Build.0 = Debug|Any CPU
		{079A248C-3DF0-42B2-AA78-D19121793E3C}.Release|Any CPU.ActiveCfg = Release|Any CPU
		{079A248C-3DF0-42B2-AA78-D19121793E3C}.Release|Any CPU.Build.0 = Release|Any CPU
		{C66A4F8C-FE7E-4D2F-9AEC-8EE41BCA9AF9}.Debug|Any CPU.ActiveCfg = Debug|Any CPU
		{C66A4F8C-FE7E-4D2F-9AEC-8EE41BCA9AF9}.Debug|Any CPU.Build.0 = Debug|Any CPU
		{C66A4F8C-FE7E-4D2F-9AEC-8EE41BCA9AF9}.Release|Any CPU.ActiveCfg = Release|Any CPU
		{C66A4F8C-FE7E-4D2F-9AEC-8EE41BCA9AF9}.Release|Any CPU.Build.0 = Release|Any CPU
	EndGlobalSection
	GlobalSection(SolutionProperties) = preSolution
		HideSolutionNode = FALSE
	EndGlobalSection
	GlobalSection(ExtensibilityGlobals) = postSolution
		SolutionGuid = {B215B12A-BE62-4707-99C4-502F3D6D7DE2}
	EndGlobalSection
EndGlobal
